// !$*UTF8*$!
{
	archiveVersion = 1;
	classes = {
	};
	objectVersion = 46;
	objects = {

/* Begin PBXBuildFile section */
		2191FAE219CEF09500C04608 /* Foundation.framework in Frameworks */ = {isa = PBXBuildFile; fileRef = 2191FAE119CEF09500C04608 /* Foundation.framework */; };
		2191FAE419CEF09500C04608 /* CoreGraphics.framework in Frameworks */ = {isa = PBXBuildFile; fileRef = 2191FAE319CEF09500C04608 /* CoreGraphics.framework */; };
		2191FAE619CEF09500C04608 /* UIKit.framework in Frameworks */ = {isa = PBXBuildFile; fileRef = 2191FAE519CEF09500C04608 /* UIKit.framework */; };
		2191FAEC19CEF09500C04608 /* InfoPlist.strings in Resources */ = {isa = PBXBuildFile; fileRef = 2191FAEA19CEF09500C04608 /* InfoPlist.strings */; };
		2191FAEE19CEF09500C04608 /* main.m in Sources */ = {isa = PBXBuildFile; fileRef = 2191FAED19CEF09500C04608 /* main.m */; };
		2191FAF219CEF09500C04608 /* PGTAppDelegate.m in Sources */ = {isa = PBXBuildFile; fileRef = 2191FAF119CEF09500C04608 /* PGTAppDelegate.m */; };
		2191FAF519CEF09500C04608 /* Main.storyboard in Resources */ = {isa = PBXBuildFile; fileRef = 2191FAF319CEF09500C04608 /* Main.storyboard */; };
		2191FAF819CEF09500C04608 /* PGTViewController.m in Sources */ = {isa = PBXBuildFile; fileRef = 2191FAF719CEF09500C04608 /* PGTViewController.m */; };
		2191FAFA19CEF09500C04608 /* Images.xcassets in Resources */ = {isa = PBXBuildFile; fileRef = 2191FAF919CEF09500C04608 /* Images.xcassets */; };
		2191FB0119CEF09600C04608 /* XCTest.framework in Frameworks */ = {isa = PBXBuildFile; fileRef = 2191FB0019CEF09600C04608 /* XCTest.framework */; };
		2191FB0219CEF09600C04608 /* Foundation.framework in Frameworks */ = {isa = PBXBuildFile; fileRef = 2191FAE119CEF09500C04608 /* Foundation.framework */; };
		2191FB0319CEF09600C04608 /* UIKit.framework in Frameworks */ = {isa = PBXBuildFile; fileRef = 2191FAE519CEF09500C04608 /* UIKit.framework */; };
		2191FB0B19CEF09600C04608 /* InfoPlist.strings in Resources */ = {isa = PBXBuildFile; fileRef = 2191FB0919CEF09600C04608 /* InfoPlist.strings */; };
		2191FB0D19CEF09600C04608 /* ScrollTestTests.m in Sources */ = {isa = PBXBuildFile; fileRef = 2191FB0C19CEF09600C04608 /* ScrollTestTests.m */; };
		2191FB5F19CF4BA500C04608 /* PGTPageContentViewController.m in Sources */ = {isa = PBXBuildFile; fileRef = 2191FB5E19CF4BA500C04608 /* PGTPageContentViewController.m */; };
/* End PBXBuildFile section */

/* Begin PBXContainerItemProxy section */
		2191FB0419CEF09600C04608 /* PBXContainerItemProxy */ = {
			isa = PBXContainerItemProxy;
			containerPortal = 2191FAD619CEF09500C04608 /* Project object */;
			proxyType = 1;
			remoteGlobalIDString = 2191FADD19CEF09500C04608;
			remoteInfo = ScrollTest;
		};
/* End PBXContainerItemProxy section */

/* Begin PBXFileReference section */
		2191FADE19CEF09500C04608 /* ScrollTest.app */ = {isa = PBXFileReference; explicitFileType = wrapper.application; includeInIndex = 0; path = ScrollTest.app; sourceTree = BUILT_PRODUCTS_DIR; };
		2191FAE119CEF09500C04608 /* Foundation.framework */ = {isa = PBXFileReference; lastKnownFileType = wrapper.framework; name = Foundation.framework; path = System/Library/Frameworks/Foundation.framework; sourceTree = SDKROOT; };
		2191FAE319CEF09500C04608 /* CoreGraphics.framework */ = {isa = PBXFileReference; lastKnownFileType = wrapper.framework; name = CoreGraphics.framework; path = System/Library/Frameworks/CoreGraphics.framework; sourceTree = SDKROOT; };
		2191FAE519CEF09500C04608 /* UIKit.framework */ = {isa = PBXFileReference; lastKnownFileType = wrapper.framework; name = UIKit.framework; path = System/Library/Frameworks/UIKit.framework; sourceTree = SDKROOT; };
		2191FAE919CEF09500C04608 /* ScrollTest-Info.plist */ = {isa = PBXFileReference; lastKnownFileType = text.plist.xml; path = "ScrollTest-Info.plist"; sourceTree = "<group>"; };
		2191FAEB19CEF09500C04608 /* en */ = {isa = PBXFileReference; lastKnownFileType = text.plist.strings; name = en; path = en.lproj/InfoPlist.strings; sourceTree = "<group>"; };
		2191FAED19CEF09500C04608 /* main.m */ = {isa = PBXFileReference; lastKnownFileType = sourcecode.c.objc; path = main.m; sourceTree = "<group>"; };
		2191FAEF19CEF09500C04608 /* ScrollTest-Prefix.pch */ = {isa = PBXFileReference; lastKnownFileType = sourcecode.c.h; path = "ScrollTest-Prefix.pch"; sourceTree = "<group>"; };
		2191FAF019CEF09500C04608 /* PGTAppDelegate.h */ = {isa = PBXFileReference; lastKnownFileType = sourcecode.c.h; path = PGTAppDelegate.h; sourceTree = "<group>"; };
		2191FAF119CEF09500C04608 /* PGTAppDelegate.m */ = {isa = PBXFileReference; lastKnownFileType = sourcecode.c.objc; path = PGTAppDelegate.m; sourceTree = "<group>"; };
		2191FAF419CEF09500C04608 /* Base */ = {isa = PBXFileReference; lastKnownFileType = file.storyboard; name = Base; path = Base.lproj/Main.storyboard; sourceTree = "<group>"; };
		2191FAF619CEF09500C04608 /* PGTViewController.h */ = {isa = PBXFileReference; lastKnownFileType = sourcecode.c.h; path = PGTViewController.h; sourceTree = "<group>"; };
		2191FAF719CEF09500C04608 /* PGTViewController.m */ = {isa = PBXFileReference; lastKnownFileType = sourcecode.c.objc; path = PGTViewController.m; sourceTree = "<group>"; };
		2191FAF919CEF09500C04608 /* Images.xcassets */ = {isa = PBXFileReference; lastKnownFileType = folder.assetcatalog; path = Images.xcassets; sourceTree = "<group>"; };
		2191FAFF19CEF09600C04608 /* ScrollTestTests.xctest */ = {isa = PBXFileReference; explicitFileType = wrapper.cfbundle; includeInIndex = 0; path = ScrollTestTests.xctest; sourceTree = BUILT_PRODUCTS_DIR; };
		2191FB0019CEF09600C04608 /* XCTest.framework */ = {isa = PBXFileReference; lastKnownFileType = wrapper.framework; name = XCTest.framework; path = Library/Frameworks/XCTest.framework; sourceTree = DEVELOPER_DIR; };
		2191FB0819CEF09600C04608 /* ScrollTestTests-Info.plist */ = {isa = PBXFileReference; lastKnownFileType = text.plist.xml; path = "ScrollTestTests-Info.plist"; sourceTree = "<group>"; };
		2191FB0A19CEF09600C04608 /* en */ = {isa = PBXFileReference; lastKnownFileType = text.plist.strings; name = en; path = en.lproj/InfoPlist.strings; sourceTree = "<group>"; };
		2191FB0C19CEF09600C04608 /* ScrollTestTests.m */ = {isa = PBXFileReference; lastKnownFileType = sourcecode.c.objc; path = ScrollTestTests.m; sourceTree = "<group>"; };
		2191FB5D19CF4BA500C04608 /* PGTPageContentViewController.h */ = {isa = PBXFileReference; fileEncoding = 4; lastKnownFileType = sourcecode.c.h; path = PGTPageContentViewController.h; sourceTree = "<group>"; };
		2191FB5E19CF4BA500C04608 /* PGTPageContentViewController.m */ = {isa = PBXFileReference; fileEncoding = 4; lastKnownFileType = sourcecode.c.objc; path = PGTPageContentViewController.m; sourceTree = "<group>"; };
/* End PBXFileReference section */

/* Begin PBXFrameworksBuildPhase section */
		2191FADB19CEF09500C04608 /* Frameworks */ = {
			isa = PBXFrameworksBuildPhase;
			buildActionMask = 2147483647;
			files = (
				2191FAE419CEF09500C04608 /* CoreGraphics.framework in Frameworks */,
				2191FAE619CEF09500C04608 /* UIKit.framework in Frameworks */,
				2191FAE219CEF09500C04608 /* Foundation.framework in Frameworks */,
			);
			runOnlyForDeploymentPostprocessing = 0;
		};
		2191FAFC19CEF09600C04608 /* Frameworks */ = {
			isa = PBXFrameworksBuildPhase;
			buildActionMask = 2147483647;
			files = (
				2191FB0119CEF09600C04608 /* XCTest.framework in Frameworks */,
				2191FB0319CEF09600C04608 /* UIKit.framework in Frameworks */,
				2191FB0219CEF09600C04608 /* Foundation.framework in Frameworks */,
			);
			runOnlyForDeploymentPostprocessing = 0;
		};
/* End PBXFrameworksBuildPhase section */

/* Begin PBXGroup section */
		2191FAD519CEF09500C04608 = {
			isa = PBXGroup;
			children = (
				2191FAE719CEF09500C04608 /* ScrollTest */,
				2191FB0619CEF09600C04608 /* ScrollTestTests */,
				2191FAE019CEF09500C04608 /* Frameworks */,
				2191FADF19CEF09500C04608 /* Products */,
			);
			sourceTree = "<group>";
		};
		2191FADF19CEF09500C04608 /* Products */ = {
			isa = PBXGroup;
			children = (
				2191FADE19CEF09500C04608 /* ScrollTest.app */,
				2191FAFF19CEF09600C04608 /* ScrollTestTests.xctest */,
			);
			name = Products;
			sourceTree = "<group>";
		};
		2191FAE019CEF09500C04608 /* Frameworks */ = {
			isa = PBXGroup;
			children = (
				2191FAE119CEF09500C04608 /* Foundation.framework */,
				2191FAE319CEF09500C04608 /* CoreGraphics.framework */,
				2191FAE519CEF09500C04608 /* UIKit.framework */,
				2191FB0019CEF09600C04608 /* XCTest.framework */,
			);
			name = Frameworks;
			sourceTree = "<group>";
		};
		2191FAE719CEF09500C04608 /* ScrollTest */ = {
			isa = PBXGroup;
			children = (
				2191FAF019CEF09500C04608 /* PGTAppDelegate.h */,
				2191FAF119CEF09500C04608 /* PGTAppDelegate.m */,
				2191FAF319CEF09500C04608 /* Main.storyboard */,
				2191FAF619CEF09500C04608 /* PGTViewController.h */,
				2191FAF719CEF09500C04608 /* PGTViewController.m */,
				2191FB5D19CF4BA500C04608 /* PGTPageContentViewController.h */,
				2191FB5E19CF4BA500C04608 /* PGTPageContentViewController.m */,
				2191FAF919CEF09500C04608 /* Images.xcassets */,
				2191FAE819CEF09500C04608 /* Supporting Files */,
			);
			path = ScrollTest;
			sourceTree = "<group>";
		};
		2191FAE819CEF09500C04608 /* Supporting Files */ = {
			isa = PBXGroup;
			children = (
				2191FAE919CEF09500C04608 /* ScrollTest-Info.plist */,
				2191FAEA19CEF09500C04608 /* InfoPlist.strings */,
				2191FAED19CEF09500C04608 /* main.m */,
				2191FAEF19CEF09500C04608 /* ScrollTest-Prefix.pch */,
			);
			name = "Supporting Files";
			sourceTree = "<group>";
		};
		2191FB0619CEF09600C04608 /* ScrollTestTests */ = {
			isa = PBXGroup;
			children = (
				2191FB0C19CEF09600C04608 /* ScrollTestTests.m */,
				2191FB0719CEF09600C04608 /* Supporting Files */,
			);
			path = ScrollTestTests;
			sourceTree = "<group>";
		};
		2191FB0719CEF09600C04608 /* Supporting Files */ = {
			isa = PBXGroup;
			children = (
				2191FB0819CEF09600C04608 /* ScrollTestTests-Info.plist */,
				2191FB0919CEF09600C04608 /* InfoPlist.strings */,
			);
			name = "Supporting Files";
			sourceTree = "<group>";
		};
/* End PBXGroup section */

/* Begin PBXNativeTarget section */
		2191FADD19CEF09500C04608 /* ScrollTest */ = {
			isa = PBXNativeTarget;
			buildConfigurationList = 2191FB1019CEF09600C04608 /* Build configuration list for PBXNativeTarget "ScrollTest" */;
			buildPhases = (
				2191FADA19CEF09500C04608 /* Sources */,
				2191FADB19CEF09500C04608 /* Frameworks */,
				2191FADC19CEF09500C04608 /* Resources */,
			);
			buildRules = (
			);
			dependencies = (
			);
			name = ScrollTest;
			productName = ScrollTest;
			productReference = 2191FADE19CEF09500C04608 /* ScrollTest.app */;
			productType = "com.apple.product-type.application";
		};
		2191FAFE19CEF09600C04608 /* ScrollTestTests */ = {
			isa = PBXNativeTarget;
			buildConfigurationList = 2191FB1319CEF09600C04608 /* Build configuration list for PBXNativeTarget "ScrollTestTests" */;
			buildPhases = (
				2191FAFB19CEF09600C04608 /* Sources */,
				2191FAFC19CEF09600C04608 /* Frameworks */,
				2191FAFD19CEF09600C04608 /* Resources */,
			);
			buildRules = (
			);
			dependencies = (
				2191FB0519CEF09600C04608 /* PBXTargetDependency */,
			);
			name = ScrollTestTests;
			productName = ScrollTestTests;
			productReference = 2191FAFF19CEF09600C04608 /* ScrollTestTests.xctest */;
			productType = "com.apple.product-type.bundle.unit-test";
		};
/* End PBXNativeTarget section */

/* Begin PBXProject section */
		2191FAD619CEF09500C04608 /* Project object */ = {
			isa = PBXProject;
			attributes = {
				CLASSPREFIX = PGT;
				LastUpgradeCheck = 0510;
				ORGANIZATIONNAME = Thuillier;
				TargetAttributes = {
					2191FAFE19CEF09600C04608 = {
						TestTargetID = 2191FADD19CEF09500C04608;
					};
				};
			};
			buildConfigurationList = 2191FAD919CEF09500C04608 /* Build configuration list for PBXProject "ScrollTest" */;
			compatibilityVersion = "Xcode 3.2";
			developmentRegion = English;
			hasScannedForEncodings = 0;
			knownRegions = (
				en,
				Base,
			);
			mainGroup = 2191FAD519CEF09500C04608;
			productRefGroup = 2191FADF19CEF09500C04608 /* Products */;
			projectDirPath = "";
			projectRoot = "";
			targets = (
				2191FADD19CEF09500C04608 /* ScrollTest */,
				2191FAFE19CEF09600C04608 /* ScrollTestTests */,
			);
		};
/* End PBXProject section */

/* Begin PBXResourcesBuildPhase section */
		2191FADC19CEF09500C04608 /* Resources */ = {
			isa = PBXResourcesBuildPhase;
			buildActionMask = 2147483647;
			files = (
				2191FAFA19CEF09500C04608 /* Images.xcassets in Resources */,
				2191FAEC19CEF09500C04608 /* InfoPlist.strings in Resources */,
				2191FAF519CEF09500C04608 /* Main.storyboard in Resources */,
			);
			runOnlyForDeploymentPostprocessing = 0;
		};
		2191FAFD19CEF09600C04608 /* Resources */ = {
			isa = PBXResourcesBuildPhase;
			buildActionMask = 2147483647;
			files = (
				2191FB0B19CEF09600C04608 /* InfoPlist.strings in Resources */,
			);
			runOnlyForDeploymentPostprocessing = 0;
		};
/* End PBXResourcesBuildPhase section */

/* Begin PBXSourcesBuildPhase section */
		2191FADA19CEF09500C04608 /* Sources */ = {
			isa = PBXSourcesBuildPhase;
			buildActionMask = 2147483647;
			files = (
				2191FAF219CEF09500C04608 /* PGTAppDelegate.m in Sources */,
				2191FAEE19CEF09500C04608 /* main.m in Sources */,
				2191FAF819CEF09500C04608 /* PGTViewController.m in Sources */,
				2191FB5F19CF4BA500C04608 /* PGTPageContentViewController.m in Sources */,
			);
			runOnlyForDeploymentPostprocessing = 0;
		};
		2191FAFB19CEF09600C04608 /* Sources */ = {
			isa = PBXSourcesBuildPhase;
			buildActionMask = 2147483647;
			files = (
				2191FB0D19CEF09600C04608 /* ScrollTestTests.m in Sources */,
			);
			runOnlyForDeploymentPostprocessing = 0;
		};
/* End PBXSourcesBuildPhase section */

/* Begin PBXTargetDependency section */
		2191FB0519CEF09600C04608 /* PBXTargetDependency */ = {
			isa = PBXTargetDependency;
			target = 2191FADD19CEF09500C04608 /* ScrollTest */;
			targetProxy = 2191FB0419CEF09600C04608 /* PBXContainerItemProxy */;
		};
/* End PBXTargetDependency section */

/* Begin PBXVariantGroup section */
		2191FAEA19CEF09500C04608 /* InfoPlist.strings */ = {
			isa = PBXVariantGroup;
			children = (
				2191FAEB19CEF09500C04608 /* en */,
			);
			name = InfoPlist.strings;
			sourceTree = "<group>";
		};
		2191FAF319CEF09500C04608 /* Main.storyboard */ = {
			isa = PBXVariantGroup;
			children = (
				2191FAF419CEF09500C04608 /* Base */,
			);
			name = Main.storyboard;
			sourceTree = "<group>";
		};
		2191FB0919CEF09600C04608 /* InfoPlist.strings */ = {
			isa = PBXVariantGroup;
			children = (
				2191FB0A19CEF09600C04608 /* en */,
			);
			name = InfoPlist.strings;
			sourceTree = "<group>";
		};
/* End PBXVariantGroup section */

/* Begin XCBuildConfiguration section */
		2191FB0E19CEF09600C04608 /* Debug */ = {
			isa = XCBuildConfiguration;
			buildSettings = {
				ALWAYS_SEARCH_USER_PATHS = NO;
				CLANG_CXX_LANGUAGE_STANDARD = "gnu++0x";
				CLANG_CXX_LIBRARY = "libc++";
				CLANG_ENABLE_MODULES = YES;
				CLANG_ENABLE_OBJC_ARC = YES;
				CLANG_WARN_BOOL_CONVERSION = YES;
				CLANG_WARN_CONSTANT_CONVERSION = YES;
				CLANG_WARN_DIRECT_OBJC_ISA_USAGE = YES_ERROR;
				CLANG_WARN_EMPTY_BODY = YES;
				CLANG_WARN_ENUM_CONVERSION = YES;
				CLANG_WARN_INT_CONVERSION = YES;
				CLANG_WARN_OBJC_ROOT_CLASS = YES_ERROR;
				CLANG_WARN__DUPLICATE_METHOD_MATCH = YES;
				"CODE_SIGN_IDENTITY[sdk=iphoneos*]" = "iPhone Developer";
				COPY_PHASE_STRIP = NO;
				GCC_C_LANGUAGE_STANDARD = gnu99;
				GCC_DYNAMIC_NO_PIC = NO;
				GCC_OPTIMIZATION_LEVEL = 0;
				GCC_PREPROCESSOR_DEFINITIONS = (
					"DEBUG=1",
					"$(inherited)",
				);
				GCC_SYMBOLS_PRIVATE_EXTERN = NO;
				GCC_WARN_64_TO_32_BIT_CONVERSION = YES;
				GCC_WARN_ABOUT_RETURN_TYPE = YES_ERROR;
				GCC_WARN_UNDECLARED_SELECTOR = YES;
				GCC_WARN_UNINITIALIZED_AUTOS = YES_AGGRESSIVE;
				GCC_WARN_UNUSED_FUNCTION = YES;
				GCC_WARN_UNUSED_VARIABLE = YES;
				IPHONEOS_DEPLOYMENT_TARGET = 7.1;
				ONLY_ACTIVE_ARCH = YES;
				SDKROOT = iphoneos;
			};
			name = Debug;
		};
		2191FB0F19CEF09600C04608 /* Release */ = {
			isa = XCBuildConfiguration;
			buildSettings = {
				ALWAYS_SEARCH_USER_PATHS = NO;
				CLANG_CXX_LANGUAGE_STANDARD = "gnu++0x";
				CLANG_CXX_LIBRARY = "libc++";
				CLANG_ENABLE_MODULES = YES;
				CLANG_ENABLE_OBJC_ARC = YES;
				CLANG_WARN_BOOL_CONVERSION = YES;
				CLANG_WARN_CONSTANT_CONVERSION = YES;
				CLANG_WARN_DIRECT_OBJC_ISA_USAGE = YES_ERROR;
				CLANG_WARN_EMPTY_BODY = YES;
				CLANG_WARN_ENUM_CONVERSION = YES;
				CLANG_WARN_INT_CONVERSION = YES;
				CLANG_WARN_OBJC_ROOT_CLASS = YES_ERROR;
				CLANG_WARN__DUPLICATE_METHOD_MATCH = YES;
				"CODE_SIGN_IDENTITY[sdk=iphoneos*]" = "iPhone Developer";
				COPY_PHASE_STRIP = YES;
				ENABLE_NS_ASSERTIONS = NO;
				GCC_C_LANGUAGE_STANDARD = gnu99;
				GCC_WARN_64_TO_32_BIT_CONVERSION = YES;
				GCC_WARN_ABOUT_RETURN_TYPE = YES_ERROR;
				GCC_WARN_UNDECLARED_SELECTOR = YES;
				GCC_WARN_UNINITIALIZED_AUTOS = YES_AGGRESSIVE;
				GCC_WARN_UNUSED_FUNCTION = YES;
				GCC_WARN_UNUSED_VARIABLE = YES;
				IPHONEOS_DEPLOYMENT_TARGET = 7.1;
				SDKROOT = iphoneos;
				VALIDATE_PRODUCT = YES;
			};
			name = Release;
		};
		2191FB1119CEF09600C04608 /* Debug */ = {
			isa = XCBuildConfiguration;
			buildSettings = {
				ASSETCATALOG_COMPILER_APPICON_NAME = AppIcon;
				ASSETCATALOG_COMPILER_LAUNCHIMAGE_NAME = LaunchImage;
				GCC_PRECOMPILE_PREFIX_HEADER = YES;
				GCC_PREFIX_HEADER = "ScrollTest/ScrollTest-Prefix.pch";
				INFOPLIST_FILE = "ScrollTest/ScrollTest-Info.plist";
				PRODUCT_NAME = "$(TARGET_NAME)";
				WRAPPER_EXTENSION = app;
			};
			name = Debug;
		};
		2191FB1219CEF09600C04608 /* Release */ = {
			isa = XCBuildConfiguration;
			buildSettings = {
				ASSETCATALOG_COMPILER_APPICON_NAME = AppIcon;
				ASSETCATALOG_COMPILER_LAUNCHIMAGE_NAME = LaunchImage;
				GCC_PRECOMPILE_PREFIX_HEADER = YES;
				GCC_PREFIX_HEADER = "ScrollTest/ScrollTest-Prefix.pch";
				INFOPLIST_FILE = "ScrollTest/ScrollTest-Info.plist";
				PRODUCT_NAME = "$(TARGET_NAME)";
				WRAPPER_EXTENSION = app;
			};
			name = Release;
		};
		2191FB1419CEF09600C04608 /* Debug */ = {
			isa = XCBuildConfiguration;
			buildSettings = {
				BUNDLE_LOADER = "$(BUILT_PRODUCTS_DIR)/ScrollTest.app/ScrollTest";
				FRAMEWORK_SEARCH_PATHS = (
					"$(SDKROOT)/Developer/Library/Frameworks",
					"$(inherited)",
					"$(DEVELOPER_FRAMEWORKS_DIR)",
				);
				GCC_PRECOMPILE_PREFIX_HEADER = YES;
				GCC_PREFIX_HEADER = "ScrollTest/ScrollTest-Prefix.pch";
				GCC_PREPROCESSOR_DEFINITIONS = (
					"DEBUG=1",
					"$(inherited)",
				);
				INFOPLIST_FILE = "ScrollTestTests/ScrollTestTests-Info.plist";
				PRODUCT_NAME = "$(TARGET_NAME)";
				TEST_HOST = "$(BUNDLE_LOADER)";
				WRAPPER_EXTENSION = xctest;
			};
			name = Debug;
		};
		2191FB1519CEF09600C04608 /* Release */ = {
			isa = XCBuildConfiguration;
			buildSettings = {
				BUNDLE_LOADER = "$(BUILT_PRODUCTS_DIR)/ScrollTest.app/ScrollTest";
				FRAMEWORK_SEARCH_PATHS = (
					"$(SDKROOT)/Developer/Library/Frameworks",
					"$(inherited)",
					"$(DEVELOPER_FRAMEWORKS_DIR)",
				);
				GCC_PRECOMPILE_PREFIX_HEADER = YES;
				GCC_PREFIX_HEADER = "ScrollTest/ScrollTest-Prefix.pch";
				INFOPLIST_FILE = "ScrollTestTests/ScrollTestTests-Info.plist";
				PRODUCT_NAME = "$(TARGET_NAME)";
				TEST_HOST = "$(BUNDLE_LOADER)";
				WRAPPER_EXTENSION = xctest;
			};
			name = Release;
		};
/* End XCBuildConfiguration section */

/* Begin XCConfigurationList section */
		2191FAD919CEF09500C04608 /* Build configuration list for PBXProject "ScrollTest" */ = {
			isa = XCConfigurationList;
			buildConfigurations = (
				2191FB0E19CEF09600C04608 /* Debug */,
				2191FB0F19CEF09600C04608 /* Release */,
			);
			defaultConfigurationIsVisible = 0;
			defaultConfigurationName = Release;
		};
		2191FB1019CEF09600C04608 /* Build configuration list for PBXNativeTarget "ScrollTest" */ = {
			isa = XCConfigurationList;
			buildConfigurations = (
				2191FB1119CEF09600C04608 /* Debug */,
				2191FB1219CEF09600C04608 /* Release */,
			);
			defaultConfigurationIsVisible = 0;
			defaultConfigurationName = Release;
		};
		2191FB1319CEF09600C04608 /* Build configuration list for PBXNativeTarget "ScrollTestTests" */ = {
			isa = XCConfigurationList;
			buildConfigurations = (
				2191FB1419CEF09600C04608 /* Debug */,
				2191FB1519CEF09600C04608 /* Release */,
			);
			defaultConfigurationIsVisible = 0;
			defaultConfigurationName = Release;
		};
/* End XCConfigurationList section */
	};
	rootObject = 2191FAD619CEF09500C04608 /* Project object */;
}
